
Microsoft Visual Studio Solution File, Format Version 12.00
# Visual Studio Version 17
VisualStudioVersion = 17.5.33502.453
MinimumVisualStudioVersion = 10.0.40219.1
Project("{FAE04EC0-301F-11D3-BF4B-00C04F79EFBC}") = "Mood_Food_Application", "Mood_Food_Application\Mood_Food_Application.csproj", "{5606B5FD-01C5-49AF-80F0-052DA33CC3F1}"
EndProject
Global
	GlobalSection(SolutionConfigurationPlatforms) = preSolution
		Debug|Any CPU = Debug|Any CPU
		Release|Any CPU = Release|Any CPU
	EndGlobalSection
	GlobalSection(ProjectConfigurationPlatforms) = postSolution
		{5606B5FD-01C5-49AF-80F0-052DA33CC3F1}.Debug|Any CPU.ActiveCfg = Debug|Any CPU
		{5606B5FD-01C5-49AF-80F0-052DA33CC3F1}.Debug|Any CPU.Build.0 = Debug|Any CPU
		{5606B5FD-01C5-49AF-80F0-052DA33CC3F1}.Release|Any CPU.ActiveCfg = Release|Any CPU
		{5606B5FD-01C5-49AF-80F0-052DA33CC3F1}.Release|Any CPU.Build.0 = Release|Any CPU
	EndGlobalSection
	GlobalSection(SolutionProperties) = preSolution
		HideSolutionNode = FALSE
	EndGlobalSection
	GlobalSection(ExtensibilityGlobals) = postSolution
		SolutionGuid = {78675EEA-4467-4295-B41D-9043FE6133BC}
	EndGlobalSection
EndGlobal
